// !$*UTF8*$!
{
	archiveVersion = 1;
	classes = {
	};
	objectVersion = 51;
	objects = {

/* Begin PBXBuildFile section */
		1B8EAD37572AE818FE979C03 /* Pods_Realm_Database.framework in Frameworks */ = {isa = PBXBuildFile; fileRef = 0D9540308912290BC09563AD /* Pods_Realm_Database.framework */; };
		843C5C8123AD2A9900A17BE5 /* AppDelegate.swift in Sources */ = {isa = PBXBuildFile; fileRef = 843C5C8023AD2A9900A17BE5 /* AppDelegate.swift */; };
		843C5C8323AD2A9A00A17BE5 /* ViewController.swift in Sources */ = {isa = PBXBuildFile; fileRef = 843C5C8223AD2A9A00A17BE5 /* ViewController.swift */; };
		843C5C8623AD2A9A00A17BE5 /* Main.storyboard in Resources */ = {isa = PBXBuildFile; fileRef = 843C5C8423AD2A9A00A17BE5 /* Main.storyboard */; };
		843C5C8823AD2AB000A17BE5 /* Assets.xcassets in Resources */ = {isa = PBXBuildFile; fileRef = 843C5C8723AD2AB000A17BE5 /* Assets.xcassets */; };
		843C5C8B23AD2AB000A17BE5 /* LaunchScreen.storyboard in Resources */ = {isa = PBXBuildFile; fileRef = 843C5C8923AD2AB000A17BE5 /* LaunchScreen.storyboard */; };
		843C5C9723AD321800A17BE5 /* studentTableViewCell.swift in Sources */ = {isa = PBXBuildFile; fileRef = 843C5C9623AD321800A17BE5 /* studentTableViewCell.swift */; };
		843C5C9923AD326E00A17BE5 /* studentViewController.swift in Sources */ = {isa = PBXBuildFile; fileRef = 843C5C9823AD326E00A17BE5 /* studentViewController.swift */; };
		843C5C9C23AD32B400A17BE5 /* studentAddValidator.swift in Sources */ = {isa = PBXBuildFile; fileRef = 843C5C9B23AD32B400A17BE5 /* studentAddValidator.swift */; };
		843C5C9E23AD32CB00A17BE5 /* Student.swift in Sources */ = {isa = PBXBuildFile; fileRef = 843C5C9D23AD32CB00A17BE5 /* Student.swift */; };
/* End PBXBuildFile section */

/* Begin PBXFileReference section */
		0D9540308912290BC09563AD /* Pods_Realm_Database.framework */ = {isa = PBXFileReference; explicitFileType = wrapper.framework; includeInIndex = 0; path = Pods_Realm_Database.framework; sourceTree = BUILT_PRODUCTS_DIR; };
		104056DDECABBE435439609E /* Pods-Realm Database.debug.xcconfig */ = {isa = PBXFileReference; includeInIndex = 1; lastKnownFileType = text.xcconfig; name = "Pods-Realm Database.debug.xcconfig"; path = "Target Support Files/Pods-Realm Database/Pods-Realm Database.debug.xcconfig"; sourceTree = "<group>"; };
		3898F04F6847F9D22178A567 /* Pods-Realm Database.release.xcconfig */ = {isa = PBXFileReference; includeInIndex = 1; lastKnownFileType = text.xcconfig; name = "Pods-Realm Database.release.xcconfig"; path = "Target Support Files/Pods-Realm Database/Pods-Realm Database.release.xcconfig"; sourceTree = "<group>"; };
		843C5C7D23AD2A9800A17BE5 /* Realm Database.app */ = {isa = PBXFileReference; explicitFileType = wrapper.application; includeInIndex = 0; path = "Realm Database.app"; sourceTree = BUILT_PRODUCTS_DIR; };
		843C5C8023AD2A9900A17BE5 /* AppDelegate.swift */ = {isa = PBXFileReference; lastKnownFileType = sourcecode.swift; path = AppDelegate.swift; sourceTree = "<group>"; };
		843C5C8223AD2A9A00A17BE5 /* ViewController.swift */ = {isa = PBXFileReference; lastKnownFileType = sourcecode.swift; path = ViewController.swift; sourceTree = "<group>"; };
		843C5C8523AD2A9A00A17BE5 /* Base */ = {isa = PBXFileReference; lastKnownFileType = file.storyboard; name = Base; path = Base.lproj/Main.storyboard; sourceTree = "<group>"; };
		843C5C8723AD2AB000A17BE5 /* Assets.xcassets */ = {isa = PBXFileReference; lastKnownFileType = folder.assetcatalog; path = Assets.xcassets; sourceTree = "<group>"; };
		843C5C8A23AD2AB000A17BE5 /* Base */ = {isa = PBXFileReference; lastKnownFileType = file.storyboard; name = Base; path = Base.lproj/LaunchScreen.storyboard; sourceTree = "<group>"; };
		843C5C8C23AD2AB000A17BE5 /* Info.plist */ = {isa = PBXFileReference; lastKnownFileType = text.plist.xml; path = Info.plist; sourceTree = "<group>"; };
		843C5C9623AD321800A17BE5 /* studentTableViewCell.swift */ = {isa = PBXFileReference; lastKnownFileType = sourcecode.swift; path = studentTableViewCell.swift; sourceTree = "<group>"; };
		843C5C9823AD326E00A17BE5 /* studentViewController.swift */ = {isa = PBXFileReference; lastKnownFileType = sourcecode.swift; path = studentViewController.swift; sourceTree = "<group>"; };
		843C5C9B23AD32B400A17BE5 /* studentAddValidator.swift */ = {isa = PBXFileReference; lastKnownFileType = sourcecode.swift; path = studentAddValidator.swift; sourceTree = "<group>"; };
		843C5C9D23AD32CB00A17BE5 /* Student.swift */ = {isa = PBXFileReference; lastKnownFileType = sourcecode.swift; path = Student.swift; sourceTree = "<group>"; };
/* End PBXFileReference section */

/* Begin PBXFrameworksBuildPhase section */
		843C5C7A23AD2A9800A17BE5 /* Frameworks */ = {
			isa = PBXFrameworksBuildPhase;
			buildActionMask = 2147483647;
			files = (
				1B8EAD37572AE818FE979C03 /* Pods_Realm_Database.framework in Frameworks */,
			);
			runOnlyForDeploymentPostprocessing = 0;
		};
/* End PBXFrameworksBuildPhase section */

/* Begin PBXGroup section */
		843C5C7423AD2A9800A17BE5 = {
			isa = PBXGroup;
			children = (
				843C5C7F23AD2A9900A17BE5 /* Realm Database */,
				843C5C7E23AD2A9900A17BE5 /* Products */,
				99D7D89A418201ADD958DBF7 /* Pods */,
				974CF75AE946334C9A302BAE /* Frameworks */,
			);
			sourceTree = "<group>";
		};
		843C5C7E23AD2A9900A17BE5 /* Products */ = {
			isa = PBXGroup;
			children = (
				843C5C7D23AD2A9800A17BE5 /* Realm Database.app */,
			);
			name = Products;
			sourceTree = "<group>";
		};
		843C5C7F23AD2A9900A17BE5 /* Realm Database */ = {
			isa = PBXGroup;
			children = (
				843C5C9523AD2FE800A17BE5 /* Recources */,
				843C5C9423AD2FDF00A17BE5 /* Controller */,
				843C5C9323AD2FDA00A17BE5 /* View */,
				843C5C9223AD2FD200A17BE5 /* Model */,
			);
			path = "Realm Database";
			sourceTree = "<group>";
		};
		843C5C9223AD2FD200A17BE5 /* Model */ = {
			isa = PBXGroup;
			children = (
				843C5C9B23AD32B400A17BE5 /* studentAddValidator.swift */,
				843C5C9D23AD32CB00A17BE5 /* Student.swift */,
			);
			path = Model;
			sourceTree = "<group>";
		};
		843C5C9323AD2FDA00A17BE5 /* View */ = {
			isa = PBXGroup;
			children = (
				843C5C8423AD2A9A00A17BE5 /* Main.storyboard */,
				843C5C9623AD321800A17BE5 /* studentTableViewCell.swift */,
			);
			path = View;
			sourceTree = "<group>";
		};
		843C5C9423AD2FDF00A17BE5 /* Controller */ = {
			isa = PBXGroup;
			children = (
				843C5C8223AD2A9A00A17BE5 /* ViewController.swift */,
				843C5C9823AD326E00A17BE5 /* studentViewController.swift */,
			);
			path = Controller;
			sourceTree = "<group>";
		};
		843C5C9523AD2FE800A17BE5 /* Recources */ = {
			isa = PBXGroup;
			children = (
				843C5C8023AD2A9900A17BE5 /* AppDelegate.swift */,
				843C5C8723AD2AB000A17BE5 /* Assets.xcassets */,
				843C5C8923AD2AB000A17BE5 /* LaunchScreen.storyboard */,
				843C5C8C23AD2AB000A17BE5 /* Info.plist */,
			);
			path = Recources;
			sourceTree = "<group>";
		};
		974CF75AE946334C9A302BAE /* Frameworks */ = {
			isa = PBXGroup;
			children = (
				0D9540308912290BC09563AD /* Pods_Realm_Database.framework */,
			);
			name = Frameworks;
			sourceTree = "<group>";
		};
		99D7D89A418201ADD958DBF7 /* Pods */ = {
			isa = PBXGroup;
			children = (
				104056DDECABBE435439609E /* Pods-Realm Database.debug.xcconfig */,
				3898F04F6847F9D22178A567 /* Pods-Realm Database.release.xcconfig */,
			);
			path = Pods;
			sourceTree = "<group>";
		};
/* End PBXGroup section */

/* Begin PBXNativeTarget section */
		843C5C7C23AD2A9800A17BE5 /* Realm Database */ = {
			isa = PBXNativeTarget;
			buildConfigurationList = 843C5C8F23AD2AB000A17BE5 /* Build configuration list for PBXNativeTarget "Realm Database" */;
			buildPhases = (
				FE586E81DEEB36075667BF13 /* [CP] Check Pods Manifest.lock */,
				843C5C7923AD2A9800A17BE5 /* Sources */,
				843C5C7A23AD2A9800A17BE5 /* Frameworks */,
				843C5C7B23AD2A9800A17BE5 /* Resources */,
				3F3058760EEBEF4FD4EF8B6E /* [CP] Embed Pods Frameworks */,
			);
			buildRules = (
			);
			dependencies = (
			);
			name = "Realm Database";
			productName = "Realm Database";
			productReference = 843C5C7D23AD2A9800A17BE5 /* Realm Database.app */;
			productType = "com.apple.product-type.application";
		};
/* End PBXNativeTarget section */

/* Begin PBXProject section */
		843C5C7523AD2A9800A17BE5 /* Project object */ = {
			isa = PBXProject;
			attributes = {
				LastSwiftUpdateCheck = 1020;
				LastUpgradeCheck = 1020;
				ORGANIZATIONNAME = "Ahmed barghash";
				TargetAttributes = {
					843C5C7C23AD2A9800A17BE5 = {
						CreatedOnToolsVersion = 10.2.1;
					};
				};
			};
			buildConfigurationList = 843C5C7823AD2A9800A17BE5 /* Build configuration list for PBXProject "Realm Database" */;
			compatibilityVersion = "Xcode 9.3";
			developmentRegion = en;
			hasScannedForEncodings = 0;
			knownRegions = (
				en,
				Base,
			);
			mainGroup = 843C5C7423AD2A9800A17BE5;
			productRefGroup = 843C5C7E23AD2A9900A17BE5 /* Products */;
			projectDirPath = "";
			projectRoot = "";
			targets = (
				843C5C7C23AD2A9800A17BE5 /* Realm Database */,
			);
		};
/* End PBXProject section */

/* Begin PBXResourcesBuildPhase section */
		843C5C7B23AD2A9800A17BE5 /* Resources */ = {
			isa = PBXResourcesBuildPhase;
			buildActionMask = 2147483647;
			files = (
				843C5C8B23AD2AB000A17BE5 /* LaunchScreen.storyboard in Resources */,
				843C5C8823AD2AB000A17BE5 /* Assets.xcassets in Resources */,
				843C5C8623AD2A9A00A17BE5 /* Main.storyboard in Resources */,
			);
			runOnlyForDeploymentPostprocessing = 0;
		};
/* End PBXResourcesBuildPhase section */

/* Begin PBXShellScriptBuildPhase section */
		3F3058760EEBEF4FD4EF8B6E /* [CP] Embed Pods Frameworks */ = {
			isa = PBXShellScriptBuildPhase;
			buildActionMask = 2147483647;
			files = (
			);
			inputFileListPaths = (
				"${PODS_ROOT}/Target Support Files/Pods-Realm Database/Pods-Realm Database-frameworks-${CONFIGURATION}-input-files.xcfilelist",
			);
			name = "[CP] Embed Pods Frameworks";
			outputFileListPaths = (
				"${PODS_ROOT}/Target Support Files/Pods-Realm Database/Pods-Realm Database-frameworks-${CONFIGURATION}-output-files.xcfilelist",
			);
			runOnlyForDeploymentPostprocessing = 0;
			shellPath = /bin/sh;
			shellScript = "\"${PODS_ROOT}/Target Support Files/Pods-Realm Database/Pods-Realm Database-frameworks.sh\"\n";
			showEnvVarsInLog = 0;
		};
		FE586E81DEEB36075667BF13 /* [CP] Check Pods Manifest.lock */ = {
			isa = PBXShellScriptBuildPhase;
			buildActionMask = 2147483647;
			files = (
			);
			inputFileListPaths = (
			);
			inputPaths = (
				"${PODS_PODFILE_DIR_PATH}/Podfile.lock",
				"${PODS_ROOT}/Manifest.lock",
			);
			name = "[CP] Check Pods Manifest.lock";
			outputFileListPaths = (
			);
			outputPaths = (
				"$(DERIVED_FILE_DIR)/Pods-Realm Database-checkManifestLockResult.txt",
			);
			runOnlyForDeploymentPostprocessing = 0;
			shellPath = /bin/sh;
			shellScript = "diff \"${PODS_PODFILE_DIR_PATH}/Podfile.lock\" \"${PODS_ROOT}/Manifest.lock\" > /dev/null\nif [ $? != 0 ] ; then\n    # print error to STDERR\n    echo \"error: The sandbox is not in sync with the Podfile.lock. Run 'pod install' or update your CocoaPods installation.\" >&2\n    exit 1\nfi\n# This output is used by Xcode 'outputs' to avoid re-running this script phase.\necho \"SUCCESS\" > \"${SCRIPT_OUTPUT_FILE_0}\"\n";
			showEnvVarsInLog = 0;
		};
/* End PBXShellScriptBuildPhase section */

/* Begin PBXSourcesBuildPhase section */
		843C5C7923AD2A9800A17BE5 /* Sources */ = {
			isa = PBXSourcesBuildPhase;
			buildActionMask = 2147483647;
			files = (
				843C5C9923AD326E00A17BE5 /* studentViewController.swift in Sources */,
				843C5C9E23AD32CB00A17BE5 /* Student.swift in Sources */,
				843C5C9C23AD32B400A17BE5 /* studentAddValidator.swift in Sources */,
				843C5C9723AD321800A17BE5 /* studentTableViewCell.swift in Sources */,
				843C5C8323AD2A9A00A17BE5 /* ViewController.swift in Sources */,
				843C5C8123AD2A9900A17BE5 /* AppDelegate.swift in Sources */,
			);
			runOnlyForDeploymentPostprocessing = 0;
		};
/* End PBXSourcesBuildPhase section */

/* Begin PBXVariantGroup section */
		843C5C8423AD2A9A00A17BE5 /* Main.storyboard */ = {
			isa = PBXVariantGroup;
			children = (
				843C5C8523AD2A9A00A17BE5 /* Base */,
			);
			name = Main.storyboard;
			sourceTree = "<group>";
		};
		843C5C8923AD2AB000A17BE5 /* LaunchScreen.storyboard */ = {
			isa = PBXVariantGroup;
			children = (
				843C5C8A23AD2AB000A17BE5 /* Base */,
			);
			name = LaunchScreen.storyboard;
			sourceTree = "<group>";
		};
/* End PBXVariantGroup section */

/* Begin XCBuildConfiguration section */
		843C5C8D23AD2AB000A17BE5 /* Debug */ = {
			isa = XCBuildConfiguration;
			buildSettings = {
				ALWAYS_SEARCH_USER_PATHS = NO;
				CLANG_ANALYZER_NONNULL = YES;
				CLANG_ANALYZER_NUMBER_OBJECT_CONVERSION = YES_AGGRESSIVE;
				CLANG_CXX_LANGUAGE_STANDARD = "gnu++14";
				CLANG_CXX_LIBRARY = "libc++";
				CLANG_ENABLE_MODULES = YES;
				CLANG_ENABLE_OBJC_ARC = YES;
				CLANG_ENABLE_OBJC_WEAK = YES;
				CLANG_WARN_BLOCK_CAPTURE_AUTORELEASING = YES;
				CLANG_WARN_BOOL_CONVERSION = YES;
				CLANG_WARN_COMMA = YES;
				CLANG_WARN_CONSTANT_CONVERSION = YES;
				CLANG_WARN_DEPRECATED_OBJC_IMPLEMENTATIONS = YES;
				CLANG_WARN_DIRECT_OBJC_ISA_USAGE = YES_ERROR;
				CLANG_WARN_DOCUMENTATION_COMMENTS = YES;
				CLANG_WARN_EMPTY_BODY = YES;
				CLANG_WARN_ENUM_CONVERSION = YES;
				CLANG_WARN_INFINITE_RECURSION = YES;
				CLANG_WARN_INT_CONVERSION = YES;
				CLANG_WARN_NON_LITERAL_NULL_CONVERSION = YES;
				CLANG_WARN_OBJC_IMPLICIT_RETAIN_SELF = YES;
				CLANG_WARN_OBJC_LITERAL_CONVERSION = YES;
				CLANG_WARN_OBJC_ROOT_CLASS = YES_ERROR;
				CLANG_WARN_RANGE_LOOP_ANALYSIS = YES;
				CLANG_WARN_STRICT_PROTOTYPES = YES;
				CLANG_WARN_SUSPICIOUS_MOVE = YES;
				CLANG_WARN_UNGUARDED_AVAILABILITY = YES_AGGRESSIVE;
				CLANG_WARN_UNREACHABLE_CODE = YES;
				CLANG_WARN__DUPLICATE_METHOD_MATCH = YES;
				CODE_SIGN_IDENTITY = "iPhone Developer";
				COPY_PHASE_STRIP = NO;
				DEBUG_INFORMATION_FORMAT = dwarf;
				ENABLE_STRICT_OBJC_MSGSEND = YES;
				ENABLE_TESTABILITY = YES;
				GCC_C_LANGUAGE_STANDARD = gnu11;
				GCC_DYNAMIC_NO_PIC = NO;
				GCC_NO_COMMON_BLOCKS = YES;
				GCC_OPTIMIZATION_LEVEL = 0;
				GCC_PREPROCESSOR_DEFINITIONS = (
					"DEBUG=1",
					"$(inherited)",
				);
				GCC_WARN_64_TO_32_BIT_CONVERSION = YES;
				GCC_WARN_ABOUT_RETURN_TYPE = YES_ERROR;
				GCC_WARN_UNDECLARED_SELECTOR = YES;
				GCC_WARN_UNINITIALIZED_AUTOS = YES_AGGRESSIVE;
				GCC_WARN_UNUSED_FUNCTION = YES;
				GCC_WARN_UNUSED_VARIABLE = YES;
				IPHONEOS_DEPLOYMENT_TARGET = 12.2;
				MTL_ENABLE_DEBUG_INFO = INCLUDE_SOURCE;
				MTL_FAST_MATH = YES;
				ONLY_ACTIVE_ARCH = YES;
				SDKROOT = iphoneos;
				SWIFT_ACTIVE_COMPILATION_CONDITIONS = DEBUG;
				SWIFT_OPTIMIZATION_LEVEL = "-Onone";
			};
			name = Debug;
		};
		843C5C8E23AD2AB000A17BE5 /* Release */ = {
			isa = XCBuildConfiguration;
			buildSettings = {
				ALWAYS_SEARCH_USER_PATHS = NO;
				CLANG_ANALYZER_NONNULL = YES;
				CLANG_ANALYZER_NUMBER_OBJECT_CONVERSION = YES_AGGRESSIVE;
				CLANG_CXX_LANGUAGE_STANDARD = "gnu++14";
				CLANG_CXX_LIBRARY = "libc++";
				CLANG_ENABLE_MODULES = YES;
				CLANG_ENABLE_OBJC_ARC = YES;
				CLANG_ENABLE_OBJC_WEAK = YES;
				CLANG_WARN_BLOCK_CAPTURE_AUTORELEASING = YES;
				CLANG_WARN_BOOL_CONVERSION = YES;
				CLANG_WARN_COMMA = YES;
				CLANG_WARN_CONSTANT_CONVERSION = YES;
				CLANG_WARN_DEPRECATED_OBJC_IMPLEMENTATIONS = YES;
				CLANG_WARN_DIRECT_OBJC_ISA_USAGE = YES_ERROR;
				CLANG_WARN_DOCUMENTATION_COMMENTS = YES;
				CLANG_WARN_EMPTY_BODY = YES;
				CLANG_WARN_ENUM_CONVERSION = YES;
				CLANG_WARN_INFINITE_RECURSION = YES;
				CLANG_WARN_INT_CONVERSION = YES;
				CLANG_WARN_NON_LITERAL_NULL_CONVERSION = YES;
				CLANG_WARN_OBJC_IMPLICIT_RETAIN_SELF = YES;
				CLANG_WARN_OBJC_LITERAL_CONVERSION = YES;
				CLANG_WARN_OBJC_ROOT_CLASS = YES_ERROR;
				CLANG_WARN_RANGE_LOOP_ANALYSIS = YES;
				CLANG_WARN_STRICT_PROTOTYPES = YES;
				CLANG_WARN_SUSPICIOUS_MOVE = YES;
				CLANG_WARN_UNGUARDED_AVAILABILITY = YES_AGGRESSIVE;
				CLANG_WARN_UNREACHABLE_CODE = YES;
				CLANG_WARN__DUPLICATE_METHOD_MATCH = YES;
				CODE_SIGN_IDENTITY = "iPhone Developer";
				COPY_PHASE_STRIP = NO;
				DEBUG_INFORMATION_FORMAT = "dwarf-with-dsym";
				ENABLE_NS_ASSERTIONS = NO;
				ENABLE_STRICT_OBJC_MSGSEND = YES;
				GCC_C_LANGUAGE_STANDARD = gnu11;
				GCC_NO_COMMON_BLOCKS = YES;
				GCC_WARN_64_TO_32_BIT_CONVERSION = YES;
				GCC_WARN_ABOUT_RETURN_TYPE = YES_ERROR;
				GCC_WARN_UNDECLARED_SELECTOR = YES;
				GCC_WARN_UNINITIALIZED_AUTOS = YES_AGGRESSIVE;
				GCC_WARN_UNUSED_FUNCTION = YES;
				GCC_WARN_UNUSED_VARIABLE = YES;
				IPHONEOS_DEPLOYMENT_TARGET = 12.2;
				MTL_ENABLE_DEBUG_INFO = NO;
				MTL_FAST_MATH = YES;
				SDKROOT = iphoneos;
				SWIFT_COMPILATION_MODE = wholemodule;
				SWIFT_OPTIMIZATION_LEVEL = "-O";
				VALIDATE_PRODUCT = YES;
			};
			name = Release;
		};
		843C5C9023AD2AB000A17BE5 /* Debug */ = {
			isa = XCBuildConfiguration;
			baseConfigurationReference = 104056DDECABBE435439609E /* Pods-Realm Database.debug.xcconfig */;
			buildSettings = {
				ASSETCATALOG_COMPILER_APPICON_NAME = AppIcon;
				CODE_SIGN_STYLE = Automatic;
				INFOPLIST_FILE = "$(SRCROOT)/Realm Database/Recources/Info.plist";
				LD_RUNPATH_SEARCH_PATHS = (
					"$(inherited)",
					"@executable_path/Frameworks",
				);
				PRODUCT_BUNDLE_IDENTIFIER = "com.ahmedbarghash.Realm-Database";
				PRODUCT_NAME = "$(TARGET_NAME)";
				SWIFT_VERSION = 5.0;
				TARGETED_DEVICE_FAMILY = "1,2";
			};
			name = Debug;
		};
		843C5C9123AD2AB000A17BE5 /* Release */ = {
			isa = XCBuildConfiguration;
			baseConfigurationReference = 3898F04F6847F9D22178A567 /* Pods-Realm Database.release.xcconfig */;
			buildSettings = {
				ASSETCATALOG_COMPILER_APPICON_NAME = AppIcon;
				CODE_SIGN_STYLE = Automatic;
				INFOPLIST_FILE = "$(SRCROOT)/Realm Database/Recources/Info.plist";
				LD_RUNPATH_SEARCH_PATHS = (
					"$(inherited)",
					"@executable_path/Frameworks",
				);
				PRODUCT_BUNDLE_IDENTIFIER = "com.ahmedbarghash.Realm-Database";
				PRODUCT_NAME = "$(TARGET_NAME)";
				SWIFT_VERSION = 5.0;
				TARGETED_DEVICE_FAMILY = "1,2";
			};
			name = Release;
		};
/* End XCBuildConfiguration section */

/* Begin XCConfigurationList section */
		843C5C7823AD2A9800A17BE5 /* Build configuration list for PBXProject "Realm Database" */ = {
			isa = XCConfigurationList;
			buildConfigurations = (
				843C5C8D23AD2AB000A17BE5 /* Debug */,
				843C5C8E23AD2AB000A17BE5 /* Release */,
			);
			defaultConfigurationIsVisible = 0;
			defaultConfigurationName = Release;
		};
		843C5C8F23AD2AB000A17BE5 /* Build configuration list for PBXNativeTarget "Realm Database" */ = {
			isa = XCConfigurationList;
			buildConfigurations = (
				843C5C9023AD2AB000A17BE5 /* Debug */,
				843C5C9123AD2AB000A17BE5 /* Release */,
			);
			defaultConfigurationIsVisible = 0;
			defaultConfigurationName = Release;
		};
/* End XCConfigurationList section */
	};
	rootObject = 843C5C7523AD2A9800A17BE5 /* Project object */;
}
